// !$*UTF8*$!
{
	archiveVersion = 1;
	classes = {
	};
	objectVersion = 46;
	objects = {

/* Begin PBXBuildFile section */
		1541F8181953E5B700FD4AA9 /* Foundation.framework in Frameworks */ = {isa = PBXBuildFile; fileRef = 1541F8171953E5B700FD4AA9 /* Foundation.framework */; };
		1541F81A1953E5B700FD4AA9 /* CoreGraphics.framework in Frameworks */ = {isa = PBXBuildFile; fileRef = 1541F8191953E5B700FD4AA9 /* CoreGraphics.framework */; };
		1541F81C1953E5B700FD4AA9 /* UIKit.framework in Frameworks */ = {isa = PBXBuildFile; fileRef = 1541F81B1953E5B700FD4AA9 /* UIKit.framework */; };
		1541F8221953E5B700FD4AA9 /* InfoPlist.strings in Resources */ = {isa = PBXBuildFile; fileRef = 1541F8201953E5B700FD4AA9 /* InfoPlist.strings */; };
		1541F8241953E5B700FD4AA9 /* main.m in Sources */ = {isa = PBXBuildFile; fileRef = 1541F8231953E5B700FD4AA9 /* main.m */; };
		1541F8281953E5B700FD4AA9 /* yelpAppDelegate.m in Sources */ = {isa = PBXBuildFile; fileRef = 1541F8271953E5B700FD4AA9 /* yelpAppDelegate.m */; };
		1541F82A1953E5B700FD4AA9 /* Images.xcassets in Resources */ = {isa = PBXBuildFile; fileRef = 1541F8291953E5B700FD4AA9 /* Images.xcassets */; };
		1541F8311953E5B700FD4AA9 /* XCTest.framework in Frameworks */ = {isa = PBXBuildFile; fileRef = 1541F8301953E5B700FD4AA9 /* XCTest.framework */; };
		1541F8321953E5B700FD4AA9 /* Foundation.framework in Frameworks */ = {isa = PBXBuildFile; fileRef = 1541F8171953E5B700FD4AA9 /* Foundation.framework */; };
		1541F8331953E5B700FD4AA9 /* UIKit.framework in Frameworks */ = {isa = PBXBuildFile; fileRef = 1541F81B1953E5B700FD4AA9 /* UIKit.framework */; };
		1541F83B1953E5B700FD4AA9 /* InfoPlist.strings in Resources */ = {isa = PBXBuildFile; fileRef = 1541F8391953E5B700FD4AA9 /* InfoPlist.strings */; };
		1541F83D1953E5B700FD4AA9 /* mock_yelpTests.m in Sources */ = {isa = PBXBuildFile; fileRef = 1541F83C1953E5B700FD4AA9 /* mock_yelpTests.m */; };
		15A877901953E75A0098D784 /* yelpTableViewController.m in Sources */ = {isa = PBXBuildFile; fileRef = 15A8778E1953E75A0098D784 /* yelpTableViewController.m */; };
		15A877911953E75A0098D784 /* yelpTableViewController.xib in Resources */ = {isa = PBXBuildFile; fileRef = 15A8778F1953E75A0098D784 /* yelpTableViewController.xib */; };
		15A8779419556C500098D784 /* Filters.m in Sources */ = {isa = PBXBuildFile; fileRef = 15A8779319556C500098D784 /* Filters.m */; };
		15A87798195751CC0098D784 /* layoutViewController.m in Sources */ = {isa = PBXBuildFile; fileRef = 15A87796195751CC0098D784 /* layoutViewController.m */; };
		15A87799195751CC0098D784 /* layoutViewController.xib in Resources */ = {isa = PBXBuildFile; fileRef = 15A87797195751CC0098D784 /* layoutViewController.xib */; };
		15A8779D1957591F0098D784 /* yelpListTableViewCell.m in Sources */ = {isa = PBXBuildFile; fileRef = 15A8779B1957591F0098D784 /* yelpListTableViewCell.m */; };
		15A8779E1957591F0098D784 /* yelpListTableViewCell.xib in Resources */ = {isa = PBXBuildFile; fileRef = 15A8779C1957591F0098D784 /* yelpListTableViewCell.xib */; };
		15A877A1195768BE0098D784 /* yelpClient.m in Sources */ = {isa = PBXBuildFile; fileRef = 15A877A0195768BE0098D784 /* yelpClient.m */; };
		87F2D5599562406797079B4E /* libPods.a in Frameworks */ = {isa = PBXBuildFile; fileRef = 33811BCABDF94129B55DB764 /* libPods.a */; };
/* End PBXBuildFile section */

/* Begin PBXContainerItemProxy section */
		1541F8341953E5B700FD4AA9 /* PBXContainerItemProxy */ = {
			isa = PBXContainerItemProxy;
			containerPortal = 1541F80C1953E5B700FD4AA9 /* Project object */;
			proxyType = 1;
			remoteGlobalIDString = 1541F8131953E5B700FD4AA9;
			remoteInfo = mock_yelp;
		};
/* End PBXContainerItemProxy section */

/* Begin PBXFileReference section */
		1541F8141953E5B700FD4AA9 /* mock_yelp.app */ = {isa = PBXFileReference; explicitFileType = wrapper.application; includeInIndex = 0; path = mock_yelp.app; sourceTree = BUILT_PRODUCTS_DIR; };
		1541F8171953E5B700FD4AA9 /* Foundation.framework */ = {isa = PBXFileReference; lastKnownFileType = wrapper.framework; name = Foundation.framework; path = System/Library/Frameworks/Foundation.framework; sourceTree = SDKROOT; };
		1541F8191953E5B700FD4AA9 /* CoreGraphics.framework */ = {isa = PBXFileReference; lastKnownFileType = wrapper.framework; name = CoreGraphics.framework; path = System/Library/Frameworks/CoreGraphics.framework; sourceTree = SDKROOT; };
		1541F81B1953E5B700FD4AA9 /* UIKit.framework */ = {isa = PBXFileReference; lastKnownFileType = wrapper.framework; name = UIKit.framework; path = System/Library/Frameworks/UIKit.framework; sourceTree = SDKROOT; };
		1541F81F1953E5B700FD4AA9 /* mock_yelp-Info.plist */ = {isa = PBXFileReference; lastKnownFileType = text.plist.xml; path = "mock_yelp-Info.plist"; sourceTree = "<group>"; };
		1541F8211953E5B700FD4AA9 /* en */ = {isa = PBXFileReference; lastKnownFileType = text.plist.strings; name = en; path = en.lproj/InfoPlist.strings; sourceTree = "<group>"; };
		1541F8231953E5B700FD4AA9 /* main.m */ = {isa = PBXFileReference; lastKnownFileType = sourcecode.c.objc; path = main.m; sourceTree = "<group>"; };
		1541F8251953E5B700FD4AA9 /* mock_yelp-Prefix.pch */ = {isa = PBXFileReference; lastKnownFileType = sourcecode.c.h; path = "mock_yelp-Prefix.pch"; sourceTree = "<group>"; };
		1541F8261953E5B700FD4AA9 /* yelpAppDelegate.h */ = {isa = PBXFileReference; lastKnownFileType = sourcecode.c.h; path = yelpAppDelegate.h; sourceTree = "<group>"; };
		1541F8271953E5B700FD4AA9 /* yelpAppDelegate.m */ = {isa = PBXFileReference; lastKnownFileType = sourcecode.c.objc; path = yelpAppDelegate.m; sourceTree = "<group>"; };
		1541F8291953E5B700FD4AA9 /* Images.xcassets */ = {isa = PBXFileReference; lastKnownFileType = folder.assetcatalog; path = Images.xcassets; sourceTree = "<group>"; };
		1541F82F1953E5B700FD4AA9 /* mock_yelpTests.xctest */ = {isa = PBXFileReference; explicitFileType = wrapper.cfbundle; includeInIndex = 0; path = mock_yelpTests.xctest; sourceTree = BUILT_PRODUCTS_DIR; };
		1541F8301953E5B700FD4AA9 /* XCTest.framework */ = {isa = PBXFileReference; lastKnownFileType = wrapper.framework; name = XCTest.framework; path = Library/Frameworks/XCTest.framework; sourceTree = DEVELOPER_DIR; };
		1541F8381953E5B700FD4AA9 /* mock_yelpTests-Info.plist */ = {isa = PBXFileReference; lastKnownFileType = text.plist.xml; path = "mock_yelpTests-Info.plist"; sourceTree = "<group>"; };
		1541F83A1953E5B700FD4AA9 /* en */ = {isa = PBXFileReference; lastKnownFileType = text.plist.strings; name = en; path = en.lproj/InfoPlist.strings; sourceTree = "<group>"; };
		1541F83C1953E5B700FD4AA9 /* mock_yelpTests.m */ = {isa = PBXFileReference; lastKnownFileType = sourcecode.c.objc; path = mock_yelpTests.m; sourceTree = "<group>"; };
		15A8778D1953E75A0098D784 /* yelpTableViewController.h */ = {isa = PBXFileReference; fileEncoding = 4; lastKnownFileType = sourcecode.c.h; path = yelpTableViewController.h; sourceTree = "<group>"; };
		15A8778E1953E75A0098D784 /* yelpTableViewController.m */ = {isa = PBXFileReference; fileEncoding = 4; lastKnownFileType = sourcecode.c.objc; path = yelpTableViewController.m; sourceTree = "<group>"; };
		15A8778F1953E75A0098D784 /* yelpTableViewController.xib */ = {isa = PBXFileReference; fileEncoding = 4; lastKnownFileType = file.xib; path = yelpTableViewController.xib; sourceTree = "<group>"; };
		15A8779219556C500098D784 /* Filters.h */ = {isa = PBXFileReference; fileEncoding = 4; lastKnownFileType = sourcecode.c.h; path = Filters.h; sourceTree = "<group>"; };
		15A8779319556C500098D784 /* Filters.m */ = {isa = PBXFileReference; fileEncoding = 4; lastKnownFileType = sourcecode.c.objc; path = Filters.m; sourceTree = "<group>"; };
		15A87795195751CC0098D784 /* layoutViewController.h */ = {isa = PBXFileReference; fileEncoding = 4; lastKnownFileType = sourcecode.c.h; path = layoutViewController.h; sourceTree = "<group>"; };
		15A87796195751CC0098D784 /* layoutViewController.m */ = {isa = PBXFileReference; fileEncoding = 4; lastKnownFileType = sourcecode.c.objc; path = layoutViewController.m; sourceTree = "<group>"; };
		15A87797195751CC0098D784 /* layoutViewController.xib */ = {isa = PBXFileReference; fileEncoding = 4; lastKnownFileType = file.xib; path = layoutViewController.xib; sourceTree = "<group>"; };
		15A8779A1957591F0098D784 /* yelpListTableViewCell.h */ = {isa = PBXFileReference; fileEncoding = 4; lastKnownFileType = sourcecode.c.h; path = yelpListTableViewCell.h; sourceTree = "<group>"; };
		15A8779B1957591F0098D784 /* yelpListTableViewCell.m */ = {isa = PBXFileReference; fileEncoding = 4; lastKnownFileType = sourcecode.c.objc; path = yelpListTableViewCell.m; sourceTree = "<group>"; };
		15A8779C1957591F0098D784 /* yelpListTableViewCell.xib */ = {isa = PBXFileReference; fileEncoding = 4; lastKnownFileType = file.xib; path = yelpListTableViewCell.xib; sourceTree = "<group>"; };
		15A8779F195768BE0098D784 /* yelpClient.h */ = {isa = PBXFileReference; fileEncoding = 4; lastKnownFileType = sourcecode.c.h; path = yelpClient.h; sourceTree = "<group>"; };
		15A877A0195768BE0098D784 /* yelpClient.m */ = {isa = PBXFileReference; fileEncoding = 4; lastKnownFileType = sourcecode.c.objc; path = yelpClient.m; sourceTree = "<group>"; };
		33811BCABDF94129B55DB764 /* libPods.a */ = {isa = PBXFileReference; explicitFileType = archive.ar; includeInIndex = 0; path = libPods.a; sourceTree = BUILT_PRODUCTS_DIR; };
		83C1F456602C46638D132F91 /* Pods.xcconfig */ = {isa = PBXFileReference; includeInIndex = 1; lastKnownFileType = text.xcconfig; name = Pods.xcconfig; path = Pods/Pods.xcconfig; sourceTree = "<group>"; };
/* End PBXFileReference section */

/* Begin PBXFrameworksBuildPhase section */
		1541F8111953E5B700FD4AA9 /* Frameworks */ = {
			isa = PBXFrameworksBuildPhase;
			buildActionMask = 2147483647;
			files = (
				1541F81A1953E5B700FD4AA9 /* CoreGraphics.framework in Frameworks */,
				1541F81C1953E5B700FD4AA9 /* UIKit.framework in Frameworks */,
				1541F8181953E5B700FD4AA9 /* Foundation.framework in Frameworks */,
				87F2D5599562406797079B4E /* libPods.a in Frameworks */,
			);
			runOnlyForDeploymentPostprocessing = 0;
		};
		1541F82C1953E5B700FD4AA9 /* Frameworks */ = {
			isa = PBXFrameworksBuildPhase;
			buildActionMask = 2147483647;
			files = (
				1541F8311953E5B700FD4AA9 /* XCTest.framework in Frameworks */,
				1541F8331953E5B700FD4AA9 /* UIKit.framework in Frameworks */,
				1541F8321953E5B700FD4AA9 /* Foundation.framework in Frameworks */,
			);
			runOnlyForDeploymentPostprocessing = 0;
		};
/* End PBXFrameworksBuildPhase section */

/* Begin PBXGroup section */
		1541F80B1953E5B700FD4AA9 = {
			isa = PBXGroup;
			children = (
				15A8779F195768BE0098D784 /* yelpClient.h */,
				15A877A0195768BE0098D784 /* yelpClient.m */,
				15A8779A1957591F0098D784 /* yelpListTableViewCell.h */,
				15A8779B1957591F0098D784 /* yelpListTableViewCell.m */,
				15A8779C1957591F0098D784 /* yelpListTableViewCell.xib */,
				15A87795195751CC0098D784 /* layoutViewController.h */,
				15A87796195751CC0098D784 /* layoutViewController.m */,
				15A87797195751CC0098D784 /* layoutViewController.xib */,
				15A8779219556C500098D784 /* Filters.h */,
				15A8779319556C500098D784 /* Filters.m */,
				15A8778D1953E75A0098D784 /* yelpTableViewController.h */,
				15A8778E1953E75A0098D784 /* yelpTableViewController.m */,
				15A8778F1953E75A0098D784 /* yelpTableViewController.xib */,
				1541F81D1953E5B700FD4AA9 /* mock_yelp */,
				1541F8361953E5B700FD4AA9 /* mock_yelpTests */,
				1541F8161953E5B700FD4AA9 /* Frameworks */,
				1541F8151953E5B700FD4AA9 /* Products */,
				83C1F456602C46638D132F91 /* Pods.xcconfig */,
			);
			sourceTree = "<group>";
		};
		1541F8151953E5B700FD4AA9 /* Products */ = {
			isa = PBXGroup;
			children = (
				1541F8141953E5B700FD4AA9 /* mock_yelp.app */,
				1541F82F1953E5B700FD4AA9 /* mock_yelpTests.xctest */,
			);
			name = Products;
			sourceTree = "<group>";
		};
		1541F8161953E5B700FD4AA9 /* Frameworks */ = {
			isa = PBXGroup;
			children = (
				1541F8171953E5B700FD4AA9 /* Foundation.framework */,
				1541F8191953E5B700FD4AA9 /* CoreGraphics.framework */,
				1541F81B1953E5B700FD4AA9 /* UIKit.framework */,
				1541F8301953E5B700FD4AA9 /* XCTest.framework */,
				33811BCABDF94129B55DB764 /* libPods.a */,
			);
			name = Frameworks;
			sourceTree = "<group>";
		};
		1541F81D1953E5B700FD4AA9 /* mock_yelp */ = {
			isa = PBXGroup;
			children = (
				1541F8261953E5B700FD4AA9 /* yelpAppDelegate.h */,
				1541F8271953E5B700FD4AA9 /* yelpAppDelegate.m */,
				1541F8291953E5B700FD4AA9 /* Images.xcassets */,
				1541F81E1953E5B700FD4AA9 /* Supporting Files */,
			);
			path = mock_yelp;
			sourceTree = "<group>";
		};
		1541F81E1953E5B700FD4AA9 /* Supporting Files */ = {
			isa = PBXGroup;
			children = (
				1541F81F1953E5B700FD4AA9 /* mock_yelp-Info.plist */,
				1541F8201953E5B700FD4AA9 /* InfoPlist.strings */,
				1541F8231953E5B700FD4AA9 /* main.m */,
				1541F8251953E5B700FD4AA9 /* mock_yelp-Prefix.pch */,
			);
			name = "Supporting Files";
			sourceTree = "<group>";
		};
		1541F8361953E5B700FD4AA9 /* mock_yelpTests */ = {
			isa = PBXGroup;
			children = (
				1541F83C1953E5B700FD4AA9 /* mock_yelpTests.m */,
				1541F8371953E5B700FD4AA9 /* Supporting Files */,
			);
			path = mock_yelpTests;
			sourceTree = "<group>";
		};
		1541F8371953E5B700FD4AA9 /* Supporting Files */ = {
			isa = PBXGroup;
			children = (
				1541F8381953E5B700FD4AA9 /* mock_yelpTests-Info.plist */,
				1541F8391953E5B700FD4AA9 /* InfoPlist.strings */,
			);
			name = "Supporting Files";
			sourceTree = "<group>";
		};
/* End PBXGroup section */

/* Begin PBXNativeTarget section */
		1541F8131953E5B700FD4AA9 /* mock_yelp */ = {
			isa = PBXNativeTarget;
			buildConfigurationList = 1541F8401953E5B700FD4AA9 /* Build configuration list for PBXNativeTarget "mock_yelp" */;
			buildPhases = (
				FBB5DE5774864F9C9418DBA3 /* Check Pods Manifest.lock */,
				1541F8101953E5B700FD4AA9 /* Sources */,
				1541F8111953E5B700FD4AA9 /* Frameworks */,
				1541F8121953E5B700FD4AA9 /* Resources */,
				4737E06A741949E8B9C67287 /* Copy Pods Resources */,
			);
			buildRules = (
			);
			dependencies = (
			);
			name = mock_yelp;
			productName = mock_yelp;
			productReference = 1541F8141953E5B700FD4AA9 /* mock_yelp.app */;
			productType = "com.apple.product-type.application";
		};
		1541F82E1953E5B700FD4AA9 /* mock_yelpTests */ = {
			isa = PBXNativeTarget;
			buildConfigurationList = 1541F8431953E5B700FD4AA9 /* Build configuration list for PBXNativeTarget "mock_yelpTests" */;
			buildPhases = (
				1541F82B1953E5B700FD4AA9 /* Sources */,
				1541F82C1953E5B700FD4AA9 /* Frameworks */,
				1541F82D1953E5B700FD4AA9 /* Resources */,
			);
			buildRules = (
			);
			dependencies = (
				1541F8351953E5B700FD4AA9 /* PBXTargetDependency */,
			);
			name = mock_yelpTests;
			productName = mock_yelpTests;
			productReference = 1541F82F1953E5B700FD4AA9 /* mock_yelpTests.xctest */;
			productType = "com.apple.product-type.bundle.unit-test";
		};
/* End PBXNativeTarget section */

/* Begin PBXProject section */
		1541F80C1953E5B700FD4AA9 /* Project object */ = {
			isa = PBXProject;
			attributes = {
				CLASSPREFIX = yelp;
				LastUpgradeCheck = 0510;
				ORGANIZATIONNAME = "Pragya  Pherwani";
				TargetAttributes = {
					1541F82E1953E5B700FD4AA9 = {
						TestTargetID = 1541F8131953E5B700FD4AA9;
					};
				};
			};
			buildConfigurationList = 1541F80F1953E5B700FD4AA9 /* Build configuration list for PBXProject "mock_yelp" */;
			compatibilityVersion = "Xcode 3.2";
			developmentRegion = English;
			hasScannedForEncodings = 0;
			knownRegions = (
				en,
			);
			mainGroup = 1541F80B1953E5B700FD4AA9;
			productRefGroup = 1541F8151953E5B700FD4AA9 /* Products */;
			projectDirPath = "";
			projectRoot = "";
			targets = (
				1541F8131953E5B700FD4AA9 /* mock_yelp */,
				1541F82E1953E5B700FD4AA9 /* mock_yelpTests */,
			);
		};
/* End PBXProject section */

/* Begin PBXResourcesBuildPhase section */
		1541F8121953E5B700FD4AA9 /* Resources */ = {
			isa = PBXResourcesBuildPhase;
			buildActionMask = 2147483647;
			files = (
				15A8779E1957591F0098D784 /* yelpListTableViewCell.xib in Resources */,
				1541F8221953E5B700FD4AA9 /* InfoPlist.strings in Resources */,
				15A877911953E75A0098D784 /* yelpTableViewController.xib in Resources */,
				15A87799195751CC0098D784 /* layoutViewController.xib in Resources */,
				1541F82A1953E5B700FD4AA9 /* Images.xcassets in Resources */,
			);
			runOnlyForDeploymentPostprocessing = 0;
		};
		1541F82D1953E5B700FD4AA9 /* Resources */ = {
			isa = PBXResourcesBuildPhase;
			buildActionMask = 2147483647;
			files = (
				1541F83B1953E5B700FD4AA9 /* InfoPlist.strings in Resources */,
			);
			runOnlyForDeploymentPostprocessing = 0;
		};
/* End PBXResourcesBuildPhase section */

/* Begin PBXShellScriptBuildPhase section */
		4737E06A741949E8B9C67287 /* Copy Pods Resources */ = {
			isa = PBXShellScriptBuildPhase;
			buildActionMask = 2147483647;
			files = (
			);
			inputPaths = (
			);
			name = "Copy Pods Resources";
			outputPaths = (
			);
			runOnlyForDeploymentPostprocessing = 0;
			shellPath = /bin/sh;
			shellScript = "\"${SRCROOT}/Pods/Pods-resources.sh\"\n";
			showEnvVarsInLog = 0;
		};
		FBB5DE5774864F9C9418DBA3 /* Check Pods Manifest.lock */ = {
			isa = PBXShellScriptBuildPhase;
			buildActionMask = 2147483647;
			files = (
			);
			inputPaths = (
			);
			name = "Check Pods Manifest.lock";
			outputPaths = (
			);
			runOnlyForDeploymentPostprocessing = 0;
			shellPath = /bin/sh;
			shellScript = "diff \"${PODS_ROOT}/../Podfile.lock\" \"${PODS_ROOT}/Manifest.lock\" > /dev/null\nif [[ $? != 0 ]] ; then\n    cat << EOM\nerror: The sandbox is not in sync with the Podfile.lock. Run 'pod install' or update your CocoaPods installation.\nEOM\n    exit 1\nfi\n";
			showEnvVarsInLog = 0;
		};
/* End PBXShellScriptBuildPhase section */

/* Begin PBXSourcesBuildPhase section */
		1541F8101953E5B700FD4AA9 /* Sources */ = {
			isa = PBXSourcesBuildPhase;
			buildActionMask = 2147483647;
			files = (
				15A87798195751CC0098D784 /* layoutViewController.m in Sources */,
				15A877A1195768BE0098D784 /* yelpClient.m in Sources */,
				15A8779D1957591F0098D784 /* yelpListTableViewCell.m in Sources */,
				15A877901953E75A0098D784 /* yelpTableViewController.m in Sources */,
				15A8779419556C500098D784 /* Filters.m in Sources */,
				1541F8281953E5B700FD4AA9 /* yelpAppDelegate.m in Sources */,
				1541F8241953E5B700FD4AA9 /* main.m in Sources */,
			);
			runOnlyForDeploymentPostprocessing = 0;
		};
		1541F82B1953E5B700FD4AA9 /* Sources */ = {
			isa = PBXSourcesBuildPhase;
			buildActionMask = 2147483647;
			files = (
				1541F83D1953E5B700FD4AA9 /* mock_yelpTests.m in Sources */,
			);
			runOnlyForDeploymentPostprocessing = 0;
		};
/* End PBXSourcesBuildPhase section */

/* Begin PBXTargetDependency section */
		1541F8351953E5B700FD4AA9 /* PBXTargetDependency */ = {
			isa = PBXTargetDependency;
			target = 1541F8131953E5B700FD4AA9 /* mock_yelp */;
			targetProxy = 1541F8341953E5B700FD4AA9 /* PBXContainerItemProxy */;
		};
/* End PBXTargetDependency section */

/* Begin PBXVariantGroup section */
		1541F8201953E5B700FD4AA9 /* InfoPlist.strings */ = {
			isa = PBXVariantGroup;
			children = (
				1541F8211953E5B700FD4AA9 /* en */,
			);
			name = InfoPlist.strings;
			sourceTree = "<group>";
		};
		1541F8391953E5B700FD4AA9 /* InfoPlist.strings */ = {
			isa = PBXVariantGroup;
			children = (
				1541F83A1953E5B700FD4AA9 /* en */,
			);
			name = InfoPlist.strings;
			sourceTree = "<group>";
		};
/* End PBXVariantGroup section */

/* Begin XCBuildConfiguration section */
		1541F83E1953E5B700FD4AA9 /* Debug */ = {
			isa = XCBuildConfiguration;
			buildSettings = {
				ALWAYS_SEARCH_USER_PATHS = NO;
				CLANG_CXX_LANGUAGE_STANDARD = "gnu++0x";
				CLANG_CXX_LIBRARY = "libc++";
				CLANG_ENABLE_MODULES = YES;
				CLANG_ENABLE_OBJC_ARC = YES;
				CLANG_WARN_BOOL_CONVERSION = YES;
				CLANG_WARN_CONSTANT_CONVERSION = YES;
				CLANG_WARN_DIRECT_OBJC_ISA_USAGE = YES_ERROR;
				CLANG_WARN_EMPTY_BODY = YES;
				CLANG_WARN_ENUM_CONVERSION = YES;
				CLANG_WARN_INT_CONVERSION = YES;
				CLANG_WARN_OBJC_ROOT_CLASS = YES_ERROR;
				CLANG_WARN__DUPLICATE_METHOD_MATCH = YES;
				"CODE_SIGN_IDENTITY[sdk=iphoneos*]" = "iPhone Developer";
				COPY_PHASE_STRIP = NO;
				GCC_C_LANGUAGE_STANDARD = gnu99;
				GCC_DYNAMIC_NO_PIC = NO;
				GCC_OPTIMIZATION_LEVEL = 0;
				GCC_PREPROCESSOR_DEFINITIONS = (
					"DEBUG=1",
					"$(inherited)",
				);
				GCC_SYMBOLS_PRIVATE_EXTERN = NO;
				GCC_WARN_64_TO_32_BIT_CONVERSION = YES;
				GCC_WARN_ABOUT_RETURN_TYPE = YES_ERROR;
				GCC_WARN_UNDECLARED_SELECTOR = YES;
				GCC_WARN_UNINITIALIZED_AUTOS = YES_AGGRESSIVE;
				GCC_WARN_UNUSED_FUNCTION = YES;
				GCC_WARN_UNUSED_VARIABLE = YES;
				IPHONEOS_DEPLOYMENT_TARGET = 7.1;
				ONLY_ACTIVE_ARCH = YES;
				SDKROOT = iphoneos;
			};
			name = Debug;
		};
		1541F83F1953E5B700FD4AA9 /* Release */ = {
			isa = XCBuildConfiguration;
			buildSettings = {
				ALWAYS_SEARCH_USER_PATHS = NO;
				CLANG_CXX_LANGUAGE_STANDARD = "gnu++0x";
				CLANG_CXX_LIBRARY = "libc++";
				CLANG_ENABLE_MODULES = YES;
				CLANG_ENABLE_OBJC_ARC = YES;
				CLANG_WARN_BOOL_CONVERSION = YES;
				CLANG_WARN_CONSTANT_CONVERSION = YES;
				CLANG_WARN_DIRECT_OBJC_ISA_USAGE = YES_ERROR;
				CLANG_WARN_EMPTY_BODY = YES;
				CLANG_WARN_ENUM_CONVERSION = YES;
				CLANG_WARN_INT_CONVERSION = YES;
				CLANG_WARN_OBJC_ROOT_CLASS = YES_ERROR;
				CLANG_WARN__DUPLICATE_METHOD_MATCH = YES;
				"CODE_SIGN_IDENTITY[sdk=iphoneos*]" = "iPhone Developer";
				COPY_PHASE_STRIP = YES;
				ENABLE_NS_ASSERTIONS = NO;
				GCC_C_LANGUAGE_STANDARD = gnu99;
				GCC_WARN_64_TO_32_BIT_CONVERSION = YES;
				GCC_WARN_ABOUT_RETURN_TYPE = YES_ERROR;
				GCC_WARN_UNDECLARED_SELECTOR = YES;
				GCC_WARN_UNINITIALIZED_AUTOS = YES_AGGRESSIVE;
				GCC_WARN_UNUSED_FUNCTION = YES;
				GCC_WARN_UNUSED_VARIABLE = YES;
				IPHONEOS_DEPLOYMENT_TARGET = 7.1;
				SDKROOT = iphoneos;
				VALIDATE_PRODUCT = YES;
			};
			name = Release;
		};
		1541F8411953E5B700FD4AA9 /* Debug */ = {
			isa = XCBuildConfiguration;
			baseConfigurationReference = 83C1F456602C46638D132F91 /* Pods.xcconfig */;
			buildSettings = {
				ASSETCATALOG_COMPILER_APPICON_NAME = AppIcon;
				ASSETCATALOG_COMPILER_LAUNCHIMAGE_NAME = LaunchImage;
				GCC_PRECOMPILE_PREFIX_HEADER = YES;
				GCC_PREFIX_HEADER = "mock_yelp/mock_yelp-Prefix.pch";
				INFOPLIST_FILE = "mock_yelp/mock_yelp-Info.plist";
				PRODUCT_NAME = "$(TARGET_NAME)";
				WRAPPER_EXTENSION = app;
			};
			name = Debug;
		};
		1541F8421953E5B700FD4AA9 /* Release */ = {
			isa = XCBuildConfiguration;
			baseConfigurationReference = 83C1F456602C46638D132F91 /* Pods.xcconfig */;
			buildSettings = {
				ASSETCATALOG_COMPILER_APPICON_NAME = AppIcon;
				ASSETCATALOG_COMPILER_LAUNCHIMAGE_NAME = LaunchImage;
				GCC_PRECOMPILE_PREFIX_HEADER = YES;
				GCC_PREFIX_HEADER = "mock_yelp/mock_yelp-Prefix.pch";
				INFOPLIST_FILE = "mock_yelp/mock_yelp-Info.plist";
				PRODUCT_NAME = "$(TARGET_NAME)";
				WRAPPER_EXTENSION = app;
			};
			name = Release;
		};
		1541F8441953E5B700FD4AA9 /* Debug */ = {
			isa = XCBuildConfiguration;
			buildSettings = {
				BUNDLE_LOADER = "$(BUILT_PRODUCTS_DIR)/mock_yelp.app/mock_yelp";
				FRAMEWORK_SEARCH_PATHS = (
					"$(SDKROOT)/Developer/Library/Frameworks",
					"$(inherited)",
					"$(DEVELOPER_FRAMEWORKS_DIR)",
				);
				GCC_PRECOMPILE_PREFIX_HEADER = YES;
				GCC_PREFIX_HEADER = "mock_yelp/mock_yelp-Prefix.pch";
				GCC_PREPROCESSOR_DEFINITIONS = (
					"DEBUG=1",
					"$(inherited)",
				);
				INFOPLIST_FILE = "mock_yelpTests/mock_yelpTests-Info.plist";
				PRODUCT_NAME = "$(TARGET_NAME)";
				TEST_HOST = "$(BUNDLE_LOADER)";
				WRAPPER_EXTENSION = xctest;
			};
			name = Debug;
		};
		1541F8451953E5B700FD4AA9 /* Release */ = {
			isa = XCBuildConfiguration;
			buildSettings = {
				BUNDLE_LOADER = "$(BUILT_PRODUCTS_DIR)/mock_yelp.app/mock_yelp";
				FRAMEWORK_SEARCH_PATHS = (
					"$(SDKROOT)/Developer/Library/Frameworks",
					"$(inherited)",
					"$(DEVELOPER_FRAMEWORKS_DIR)",
				);
				GCC_PRECOMPILE_PREFIX_HEADER = YES;
				GCC_PREFIX_HEADER = "mock_yelp/mock_yelp-Prefix.pch";
				INFOPLIST_FILE = "mock_yelpTests/mock_yelpTests-Info.plist";
				PRODUCT_NAME = "$(TARGET_NAME)";
				TEST_HOST = "$(BUNDLE_LOADER)";
				WRAPPER_EXTENSION = xctest;
			};
			name = Release;
		};
/* End XCBuildConfiguration section */

/* Begin XCConfigurationList section */
		1541F80F1953E5B700FD4AA9 /* Build configuration list for PBXProject "mock_yelp" */ = {
			isa = XCConfigurationList;
			buildConfigurations = (
				1541F83E1953E5B700FD4AA9 /* Debug */,
				1541F83F1953E5B700FD4AA9 /* Release */,
			);
			defaultConfigurationIsVisible = 0;
			defaultConfigurationName = Release;
		};
		1541F8401953E5B700FD4AA9 /* Build configuration list for PBXNativeTarget "mock_yelp" */ = {
			isa = XCConfigurationList;
			buildConfigurations = (
				1541F8411953E5B700FD4AA9 /* Debug */,
				1541F8421953E5B700FD4AA9 /* Release */,
			);
			defaultConfigurationIsVisible = 0;
			defaultConfigurationName = Release;
		};
		1541F8431953E5B700FD4AA9 /* Build configuration list for PBXNativeTarget "mock_yelpTests" */ = {
			isa = XCConfigurationList;
			buildConfigurations = (
				1541F8441953E5B700FD4AA9 /* Debug */,
				1541F8451953E5B700FD4AA9 /* Release */,
			);
			defaultConfigurationIsVisible = 0;
			defaultConfigurationName = Release;
		};
/* End XCConfigurationList section */
	};
	rootObject = 1541F80C1953E5B700FD4AA9 /* Project object */;
}
